// !$*UTF8*$!
{
	archiveVersion = 1;
	classes = {
	};
	objectVersion = 46;
	objects = {

/* Begin PBXBuildFile section */
		342B5B0E1F211C8E006FA818 /* AppDelegate.swift in Sources */ = {isa = PBXBuildFile; fileRef = 342B5B0D1F211C8E006FA818 /* AppDelegate.swift */; };
		342B5B101F211C8E006FA818 /* ViewController.swift in Sources */ = {isa = PBXBuildFile; fileRef = 342B5B0F1F211C8E006FA818 /* ViewController.swift */; };
		342B5B131F211C8E006FA818 /* Main.storyboard in Resources */ = {isa = PBXBuildFile; fileRef = 342B5B111F211C8E006FA818 /* Main.storyboard */; };
		342B5B151F211C8E006FA818 /* Assets.xcassets in Resources */ = {isa = PBXBuildFile; fileRef = 342B5B141F211C8E006FA818 /* Assets.xcassets */; };
		342B5B181F211C8E006FA818 /* LaunchScreen.storyboard in Resources */ = {isa = PBXBuildFile; fileRef = 342B5B161F211C8E006FA818 /* LaunchScreen.storyboard */; };
/* End PBXBuildFile section */

/* Begin PBXFileReference section */
		342B5B0A1F211C8E006FA818 /* AnotherCalc.app */ = {isa = PBXFileReference; explicitFileType = wrapper.application; includeInIndex = 0; path = AnotherCalc.app; sourceTree = BUILT_PRODUCTS_DIR; };
		342B5B0D1F211C8E006FA818 /* AppDelegate.swift */ = {isa = PBXFileReference; lastKnownFileType = sourcecode.swift; path = AppDelegate.swift; sourceTree = "<group>"; };
		342B5B0F1F211C8E006FA818 /* ViewController.swift */ = {isa = PBXFileReference; lastKnownFileType = sourcecode.swift; path = ViewController.swift; sourceTree = "<group>"; };
		342B5B121F211C8E006FA818 /* Base */ = {isa = PBXFileReference; lastKnownFileType = file.storyboard; name = Base; path = Base.lproj/Main.storyboard; sourceTree = "<group>"; };
		342B5B141F211C8E006FA818 /* Assets.xcassets */ = {isa = PBXFileReference; lastKnownFileType = folder.assetcatalog; path = Assets.xcassets; sourceTree = "<group>"; };
		342B5B171F211C8E006FA818 /* Base */ = {isa = PBXFileReference; lastKnownFileType = file.storyboard; name = Base; path = Base.lproj/LaunchScreen.storyboard; sourceTree = "<group>"; };
		342B5B191F211C8E006FA818 /* Info.plist */ = {isa = PBXFileReference; lastKnownFileType = text.plist.xml; path = Info.plist; sourceTree = "<group>"; };
/* End PBXFileReference section */

/* Begin PBXFrameworksBuildPhase section */
		342B5B071F211C8E006FA818 /* Frameworks */ = {
			isa = PBXFrameworksBuildPhase;
			buildActionMask = 2147483647;
			files = (
			);
			runOnlyForDeploymentPostprocessing = 0;
		};
/* End PBXFrameworksBuildPhase section */

/* Begin PBXGroup section */
		342B5B011F211C8E006FA818 = {
			isa = PBXGroup;
			children = (
				342B5B0C1F211C8E006FA818 /* AnotherCalc */,
				342B5B0B1F211C8E006FA818 /* Products */,
			);
			sourceTree = "<group>";
		};
		342B5B0B1F211C8E006FA818 /* Products */ = {
			isa = PBXGroup;
			children = (
				342B5B0A1F211C8E006FA818 /* AnotherCalc.app */,
			);
			name = Products;
			sourceTree = "<group>";
		};
		342B5B0C1F211C8E006FA818 /* AnotherCalc */ = {
			isa = PBXGroup;
			children = (
				342B5B0D1F211C8E006FA818 /* AppDelegate.swift */,
				342B5B0F1F211C8E006FA818 /* ViewController.swift */,
				342B5B111F211C8E006FA818 /* Main.storyboard */,
				342B5B141F211C8E006FA818 /* Assets.xcassets */,
				342B5B161F211C8E006FA818 /* LaunchScreen.storyboard */,
				342B5B191F211C8E006FA818 /* Info.plist */,
			);
			path = AnotherCalc;
			sourceTree = "<group>";
		};
/* End PBXGroup section */

/* Begin PBXNativeTarget section */
		342B5B091F211C8E006FA818 /* AnotherCalc */ = {
			isa = PBXNativeTarget;
			buildConfigurationList = 342B5B1C1F211C8E006FA818 /* Build configuration list for PBXNativeTarget "AnotherCalc" */;
			buildPhases = (
				342B5B061F211C8E006FA818 /* Sources */,
				342B5B071F211C8E006FA818 /* Frameworks */,
				342B5B081F211C8E006FA818 /* Resources */,
			);
			buildRules = (
			);
			dependencies = (
			);
			name = AnotherCalc;
			productName = AnotherCalc;
			productReference = 342B5B0A1F211C8E006FA818 /* AnotherCalc.app */;
			productType = "com.apple.product-type.application";
		};
/* End PBXNativeTarget section */

/* Begin PBXProject section */
		342B5B021F211C8E006FA818 /* Project object */ = {
			isa = PBXProject;
			attributes = {
				LastSwiftUpdateCheck = 0830;
				LastUpgradeCheck = 0830;
				ORGANIZATIONNAME = "Dmitry Cherkasov";
				TargetAttributes = {
					342B5B091F211C8E006FA818 = {
						CreatedOnToolsVersion = 8.3.3;
						DevelopmentTeam = E54W6PQWX4;
						ProvisioningStyle = Automatic;
					};
				};
			};
			buildConfigurationList = 342B5B051F211C8E006FA818 /* Build configuration list for PBXProject "AnotherCalc" */;
			compatibilityVersion = "Xcode 3.2";
			developmentRegion = English;
			hasScannedForEncodings = 0;
			knownRegions = (
				en,
				Base,
			);
			mainGroup = 342B5B011F211C8E006FA818;
			productRefGroup = 342B5B0B1F211C8E006FA818 /* Products */;
			projectDirPath = "";
			projectRoot = "";
			targets = (
				342B5B091F211C8E006FA818 /* AnotherCalc */,
			);
		};
/* End PBXProject section */

/* Begin PBXResourcesBuildPhase section */
		342B5B081F211C8E006FA818 /* Resources */ = {
			isa = PBXResourcesBuildPhase;
			buildActionMask = 2147483647;
			files = (
				342B5B181F211C8E006FA818 /* LaunchScreen.storyboard in Resources */,
				342B5B151F211C8E006FA818 /* Assets.xcassets in Resources */,
				342B5B131F211C8E006FA818 /* Main.storyboard in Resources */,
			);
			runOnlyForDeploymentPostprocessing = 0;
		};
/* End PBXResourcesBuildPhase section */

/* Begin PBXSourcesBuildPhase section */
		342B5B061F211C8E006FA818 /* Sources */ = {
			isa = PBXSourcesBuildPhase;
			buildActionMask = 2147483647;
			files = (
				342B5B101F211C8E006FA818 /* ViewController.swift in Sources */,
				342B5B0E1F211C8E006FA818 /* AppDelegate.swift in Sources */,
			);
			runOnlyForDeploymentPostprocessing = 0;
		};
/* End PBXSourcesBuildPhase section */

/* Begin PBXVariantGroup section */
		342B5B111F211C8E006FA818 /* Main.storyboard */ = {
			isa = PBXVariantGroup;
			children = (
				342B5B121F211C8E006FA818 /* Base */,
			);
			name = Main.storyboard;
			sourceTree = "<group>";
		};
		342B5B161F211C8E006FA818 /* LaunchScreen.storyboard */ = {
			isa = PBXVariantGroup;
			children = (
				342B5B171F211C8E006FA818 /* Base */,
			);
			name = LaunchScreen.storyboard;
			sourceTree = "<group>";
		};
/* End PBXVariantGroup section */

/* Begin XCBuildConfiguration section */
		342B5B1A1F211C8E006FA818 /* Debug */ = {
			isa = XCBuildConfiguration;
			buildSettings = {
				ALWAYS_SEARCH_USER_PATHS = NO;
				CLANG_ANALYZER_NONNULL = YES;
				CLANG_ANALYZER_NUMBER_OBJECT_CONVERSION = YES_AGGRESSIVE;
				CLANG_CXX_LANGUAGE_STANDARD = "gnu++0x";
				CLANG_CXX_LIBRARY = "libc++";
				CLANG_ENABLE_MODULES = YES;
				CLANG_ENABLE_OBJC_ARC = YES;
				CLANG_WARN_BOOL_CONVERSION = YES;
				CLANG_WARN_CONSTANT_CONVERSION = YES;
				CLANG_WARN_DIRECT_OBJC_ISA_USAGE = YES_ERROR;
				CLANG_WARN_DOCUMENTATION_COMMENTS = YES;
				CLANG_WARN_EMPTY_BODY = YES;
				CLANG_WARN_ENUM_CONVERSION = YES;
				CLANG_WARN_INFINITE_RECURSION = YES;
				CLANG_WARN_INT_CONVERSION = YES;
				CLANG_WARN_OBJC_ROOT_CLASS = YES_ERROR;
				CLANG_WARN_SUSPICIOUS_MOVE = YES;
				CLANG_WARN_UNREACHABLE_CODE = YES;
				CLANG_WARN__DUPLICATE_METHOD_MATCH = YES;
				"CODE_SIGN_IDENTITY[sdk=iphoneos*]" = "iPhone Developer";
				COPY_PHASE_STRIP = NO;
				DEBUG_INFORMATION_FORMAT = dwarf;
				ENABLE_STRICT_OBJC_MSGSEND = YES;
				ENABLE_TESTABILITY = YES;
				GCC_C_LANGUAGE_STANDARD = gnu99;
				GCC_DYNAMIC_NO_PIC = NO;
				GCC_NO_COMMON_BLOCKS = YES;
				GCC_OPTIMIZATION_LEVEL = 0;
				GCC_PREPROCESSOR_DEFINITIONS = (
					"DEBUG=1",
					"$(inherited)",
				);
				GCC_WARN_64_TO_32_BIT_CONVERSION = YES;
				GCC_WARN_ABOUT_RETURN_TYPE = YES_ERROR;
				GCC_WARN_UNDECLARED_SELECTOR = YES;
				GCC_WARN_UNINITIALIZED_AUTOS = YES_AGGRESSIVE;
				GCC_WARN_UNUSED_FUNCTION = YES;
				GCC_WARN_UNUSED_VARIABLE = YES;
				IPHONEOS_DEPLOYMENT_TARGET = 10.3;
				MTL_ENABLE_DEBUG_INFO = YES;
				ONLY_ACTIVE_ARCH = YES;
				SDKROOT = iphoneos;
				SWIFT_ACTIVE_COMPILATION_CONDITIONS = DEBUG;
				SWIFT_OPTIMIZATION_LEVEL = "-Onone";
			};
			name = Debug;
		};
		342B5B1B1F211C8E006FA818 /* Release */ = {
			isa = XCBuildConfiguration;
			buildSettings = {
				ALWAYS_SEARCH_USER_PATHS = NO;
				CLANG_ANALYZER_NONNULL = YES;
				CLANG_ANALYZER_NUMBER_OBJECT_CONVERSION = YES_AGGRESSIVE;
				CLANG_CXX_LANGUAGE_STANDARD = "gnu++0x";
				CLANG_CXX_LIBRARY = "libc++";
				CLANG_ENABLE_MODULES = YES;
				CLANG_ENABLE_OBJC_ARC = YES;
				CLANG_WARN_BOOL_CONVERSION = YES;
				CLANG_WARN_CONSTANT_CONVERSION = YES;
				CLANG_WARN_DIRECT_OBJC_ISA_USAGE = YES_ERROR;
				CLANG_WARN_DOCUMENTATION_COMMENTS = YES;
				CLANG_WARN_EMPTY_BODY = YES;
				CLANG_WARN_ENUM_CONVERSION = YES;
				CLANG_WARN_INFINITE_RECURSION = YES;
				CLANG_WARN_INT_CONVERSION = YES;
				CLANG_WARN_OBJC_ROOT_CLASS = YES_ERROR;
				CLANG_WARN_SUSPICIOUS_MOVE = YES;
				CLANG_WARN_UNREACHABLE_CODE = YES;
				CLANG_WARN__DUPLICATE_METHOD_MATCH = YES;
				"CODE_SIGN_IDENTITY[sdk=iphoneos*]" = "iPhone Developer";
				COPY_PHASE_STRIP = NO;
				DEBUG_INFORMATION_FORMAT = "dwarf-with-dsym";
				ENABLE_NS_ASSERTIONS = NO;
				ENABLE_STRICT_OBJC_MSGSEND = YES;
				GCC_C_LANGUAGE_STANDARD = gnu99;
				GCC_NO_COMMON_BLOCKS = YES;
				GCC_WARN_64_TO_32_BIT_CONVERSION = YES;
				GCC_WARN_ABOUT_RETURN_TYPE = YES_ERROR;
				GCC_WARN_UNDECLARED_SELECTOR = YES;
				GCC_WARN_UNINITIALIZED_AUTOS = YES_AGGRESSIVE;
				GCC_WARN_UNUSED_FUNCTION = YES;
				GCC_WARN_UNUSED_VARIABLE = YES;
				IPHONEOS_DEPLOYMENT_TARGET = 10.3;
				MTL_ENABLE_DEBUG_INFO = NO;
				SDKROOT = iphoneos;
				SWIFT_OPTIMIZATION_LEVEL = "-Owholemodule";
				VALIDATE_PRODUCT = YES;
			};
			name = Release;
		};
		342B5B1D1F211C8E006FA818 /* Debug */ = {
			isa = XCBuildConfiguration;
			buildSettings = {
				ASSETCATALOG_COMPILER_APPICON_NAME = AppIcon;
				DEVELOPMENT_TEAM = E54W6PQWX4;
				INFOPLIST_FILE = AnotherCalc/Info.plist;
				LD_RUNPATH_SEARCH_PATHS = "$(inherited) @executable_path/Frameworks";
				PRODUCT_BUNDLE_IDENTIFIER = com.govors.AnotherCalc;
				PRODUCT_NAME = "$(TARGET_NAME)";
				SWIFT_VERSION = 3.0;
			};
			name = Debug;
		};
		342B5B1E1F211C8E006FA818 /* Release */ = {
			isa = XCBuildConfiguration;
			buildSettings = {
				ASSETCATALOG_COMPILER_APPICON_NAME = AppIcon;
				DEVELOPMENT_TEAM = E54W6PQWX4;
				INFOPLIST_FILE = AnotherCalc/Info.plist;
				LD_RUNPATH_SEARCH_PATHS = "$(inherited) @executable_path/Frameworks";
				PRODUCT_BUNDLE_IDENTIFIER = com.govors.AnotherCalc;
				PRODUCT_NAME = "$(TARGET_NAME)";
				SWIFT_VERSION = 3.0;
			};
			name = Release;
		};
/* End XCBuildConfiguration section */

/* Begin XCConfigurationList section */
		342B5B051F211C8E006FA818 /* Build configuration list for PBXProject "AnotherCalc" */ = {
			isa = XCConfigurationList;
			buildConfigurations = (
				342B5B1A1F211C8E006FA818 /* Debug */,
				342B5B1B1F211C8E006FA818 /* Release */,
			);
			defaultConfigurationIsVisible = 0;
			defaultConfigurationName = Release;
		};
		342B5B1C1F211C8E006FA818 /* Build configuration list for PBXNativeTarget "AnotherCalc" */ = {
			isa = XCConfigurationList;
			buildConfigurations = (
				342B5B1D1F211C8E006FA818 /* Debug */,
				342B5B1E1F211C8E006FA818 /* Release */,
			);
			defaultConfigurationIsVisible = 0;
		};
/* End XCConfigurationList section */
	};
	rootObject = 342B5B021F211C8E006FA818 /* Project object */;
}
